
Microsoft Visual Studio Solution File, Format Version 12.00
# Visual Studio Version 17
VisualStudioVersion = 17.0.31903.59
MinimumVisualStudioVersion = 10.0.40219.1
Project("{FAE04EC0-301F-11D3-BF4B-00C04F79EFBC}") = "API", "API\API.csproj", "{B2319438-344D-4E1B-BD5A-64625923FE22}"
EndProject
Project("{FAE04EC0-301F-11D3-BF4B-00C04F79EFBC}") = "Core", "Core\Core.csproj", "{0416C916-D191-4A48-BEFA-F0E08BB987FD}"
EndProject
Project("{FAE04EC0-301F-11D3-BF4B-00C04F79EFBC}") = "Infrastructure", "Infrastructure\Infrastructure.csproj", "{60D996E2-B067-4D88-A039-9BD171140654}"
EndProject
Global
	GlobalSection(SolutionConfigurationPlatforms) = preSolution
		Debug|Any CPU = Debug|Any CPU
		Release|Any CPU = Release|Any CPU
	EndGlobalSection
	GlobalSection(SolutionProperties) = preSolution
		HideSolutionNode = FALSE
	EndGlobalSection
	GlobalSection(ProjectConfigurationPlatforms) = postSolution
		{B2319438-344D-4E1B-BD5A-64625923FE22}.Debug|Any CPU.ActiveCfg = Debug|Any CPU
		{B2319438-344D-4E1B-BD5A-64625923FE22}.Debug|Any CPU.Build.0 = Debug|Any CPU
		{B2319438-344D-4E1B-BD5A-64625923FE22}.Release|Any CPU.ActiveCfg = Release|Any CPU
		{B2319438-344D-4E1B-BD5A-64625923FE22}.Release|Any CPU.Build.0 = Release|Any CPU
		{0416C916-D191-4A48-BEFA-F0E08BB987FD}.Debug|Any CPU.ActiveCfg = Debug|Any CPU
		{0416C916-D191-4A48-BEFA-F0E08BB987FD}.Debug|Any CPU.Build.0 = Debug|Any CPU
		{0416C916-D191-4A48-BEFA-F0E08BB987FD}.Release|Any CPU.ActiveCfg = Release|Any CPU
		{0416C916-D191-4A48-BEFA-F0E08BB987FD}.Release|Any CPU.Build.0 = Release|Any CPU
		{60D996E2-B067-4D88-A039-9BD171140654}.Debug|Any CPU.ActiveCfg = Debug|Any CPU
		{60D996E2-B067-4D88-A039-9BD171140654}.Debug|Any CPU.Build.0 = Debug|Any CPU
		{60D996E2-B067-4D88-A039-9BD171140654}.Release|Any CPU.ActiveCfg = Release|Any CPU
		{60D996E2-B067-4D88-A039-9BD171140654}.Release|Any CPU.Build.0 = Release|Any CPU
	EndGlobalSection
EndGlobal
